
Microsoft Visual Studio Solution File, Format Version 12.00
# Visual Studio Version 16
VisualStudioVersion = 16.0.33328.57
MinimumVisualStudioVersion = 10.0.40219.1
Project("{FAE04EC0-301F-11D3-BF4B-00C04F79EFBC}") = "Test_15_PolesUP", "Test_15_PolesUP\Test_15_PolesUP.csproj", "{934787BB-8647-46A5-ABF4-933A6C6DA246}"
EndProject
Global
	GlobalSection(SolutionConfigurationPlatforms) = preSolution
		Debug|Any CPU = Debug|Any CPU
		Release|Any CPU = Release|Any CPU
	EndGlobalSection
	GlobalSection(ProjectConfigurationPlatforms) = postSolution
		{934787BB-8647-46A5-ABF4-933A6C6DA246}.Debug|Any CPU.ActiveCfg = Debug|Any CPU
		{934787BB-8647-46A5-ABF4-933A6C6DA246}.Debug|Any CPU.Build.0 = Debug|Any CPU
		{934787BB-8647-46A5-ABF4-933A6C6DA246}.Release|Any CPU.ActiveCfg = Release|Any CPU
		{934787BB-8647-46A5-ABF4-933A6C6DA246}.Release|Any CPU.Build.0 = Release|Any CPU
	EndGlobalSection
	GlobalSection(SolutionProperties) = preSolution
		HideSolutionNode = FALSE
	EndGlobalSection
	GlobalSection(ExtensibilityGlobals) = postSolution
		SolutionGuid = {88DB54BE-CB7F-4B6B-A1B1-BB59DA97C1C0}
	EndGlobalSection
EndGlobal
